
Microsoft Visual Studio Solution File, Format Version 12.00
# Visual Studio Version 16
VisualStudioVersion = 16.0.30804.86
MinimumVisualStudioVersion = 10.0.40219.1
Project("{FAE04EC0-301F-11D3-BF4B-00C04F79EFBC}") = "WindowsServiceSample", "WindowsServiceSample.csproj", "{0ADA4A8A-5DC1-46D8-94F7-76827D5F9899}"
EndProject
Global
	GlobalSection(SolutionConfigurationPlatforms) = preSolution
		Debug|Any CPU = Debug|Any CPU
		Release|Any CPU = Release|Any CPU
	EndGlobalSection
	GlobalSection(ProjectConfigurationPlatforms) = postSolution
		{0ADA4A8A-5DC1-46D8-94F7-76827D5F9899}.Debug|Any CPU.ActiveCfg = Debug|Any CPU
		{0ADA4A8A-5DC1-46D8-94F7-76827D5F9899}.Debug|Any CPU.Build.0 = Debug|Any CPU
		{0ADA4A8A-5DC1-46D8-94F7-76827D5F9899}.Release|Any CPU.ActiveCfg = Release|Any CPU
		{0ADA4A8A-5DC1-46D8-94F7-76827D5F9899}.Release|Any CPU.Build.0 = Release|Any CPU
	EndGlobalSection
	GlobalSection(SolutionProperties) = preSolution
		HideSolutionNode = FALSE
	EndGlobalSection
	GlobalSection(ExtensibilityGlobals) = postSolution
		SolutionGuid = {2107FA28-F8EF-4BC4-995D-0AE341D3D14A}
	EndGlobalSection
EndGlobal
